
Microsoft Visual Studio Solution File, Format Version 12.00
# Visual Studio Version 16
VisualStudioVersion = 16.0.31019.35
MinimumVisualStudioVersion = 10.0.40219.1
Project("{FAE04EC0-301F-11D3-BF4B-00C04F79EFBC}") = "TIcTacToe", "TIcTacToe\TIcTacToe.csproj", "{1F1A7765-4735-495E-B7E9-04524808ADDB}"
EndProject
Global
	GlobalSection(SolutionConfigurationPlatforms) = preSolution
		Debug|Any CPU = Debug|Any CPU
		Release|Any CPU = Release|Any CPU
	EndGlobalSection
	GlobalSection(ProjectConfigurationPlatforms) = postSolution
		{1F1A7765-4735-495E-B7E9-04524808ADDB}.Debug|Any CPU.ActiveCfg = Debug|Any CPU
		{1F1A7765-4735-495E-B7E9-04524808ADDB}.Debug|Any CPU.Build.0 = Debug|Any CPU
		{1F1A7765-4735-495E-B7E9-04524808ADDB}.Release|Any CPU.ActiveCfg = Release|Any CPU
		{1F1A7765-4735-495E-B7E9-04524808ADDB}.Release|Any CPU.Build.0 = Release|Any CPU
	EndGlobalSection
	GlobalSection(SolutionProperties) = preSolution
		HideSolutionNode = FALSE
	EndGlobalSection
	GlobalSection(ExtensibilityGlobals) = postSolution
		SolutionGuid = {8574AC1C-51EE-4F65-B238-CE292456216B}
	EndGlobalSection
EndGlobal
